
Microsoft Visual Studio Solution File, Format Version 12.00
# Visual Studio 2013
VisualStudioVersion = 12.0.30723.0
MinimumVisualStudioVersion = 10.0.40219.1
Project("{FAE04EC0-301F-11D3-BF4B-00C04F79EFBC}") = "HICPlugin", "HICPlugin\HICPlugin.csproj", "{88E94F55-32BD-4F08-9B00-FBB9C7A5C9CC}"
EndProject
Project("{FAE04EC0-301F-11D3-BF4B-00C04F79EFBC}") = "HICPluginTests", "HICPluginTests\HICPluginTests.csproj", "{6D8C7DED-B01F-451D-9259-B0BB82EDE451}"
EndProject
Project("{2150E333-8FDC-42A3-9474-1A3956D46DE8}") = ".nuget", ".nuget", "{5424B7C9-CDEE-4B1F-9122-FC9B1138A23D}"
	ProjectSection(SolutionItems) = preProject
		.nuget\packages.config = .nuget\packages.config
	EndProjectSection
EndProject
Project("{FAE04EC0-301F-11D3-BF4B-00C04F79EFBC}") = "HICPluginInteractive", "HICPluginInteractive\HICPluginInteractive.csproj", "{35B7AC3F-67D1-4069-B5DE-D58C9A9577B3}"
EndProject
Global
	GlobalSection(SolutionConfigurationPlatforms) = preSolution
		Debug|Any CPU = Debug|Any CPU
		Release|Any CPU = Release|Any CPU
	EndGlobalSection
	GlobalSection(ProjectConfigurationPlatforms) = postSolution
		{88E94F55-32BD-4F08-9B00-FBB9C7A5C9CC}.Debug|Any CPU.ActiveCfg = Debug|Any CPU
		{88E94F55-32BD-4F08-9B00-FBB9C7A5C9CC}.Debug|Any CPU.Build.0 = Debug|Any CPU
		{88E94F55-32BD-4F08-9B00-FBB9C7A5C9CC}.Release|Any CPU.ActiveCfg = Release|Any CPU
		{88E94F55-32BD-4F08-9B00-FBB9C7A5C9CC}.Release|Any CPU.Build.0 = Release|Any CPU
		{6D8C7DED-B01F-451D-9259-B0BB82EDE451}.Debug|Any CPU.ActiveCfg = Debug|Any CPU
		{6D8C7DED-B01F-451D-9259-B0BB82EDE451}.Debug|Any CPU.Build.0 = Debug|Any CPU
		{6D8C7DED-B01F-451D-9259-B0BB82EDE451}.Release|Any CPU.ActiveCfg = Release|Any CPU
		{6D8C7DED-B01F-451D-9259-B0BB82EDE451}.Release|Any CPU.Build.0 = Release|Any CPU
		{35B7AC3F-67D1-4069-B5DE-D58C9A9577B3}.Debug|Any CPU.ActiveCfg = Debug|Any CPU
		{35B7AC3F-67D1-4069-B5DE-D58C9A9577B3}.Debug|Any CPU.Build.0 = Debug|Any CPU
		{35B7AC3F-67D1-4069-B5DE-D58C9A9577B3}.Release|Any CPU.ActiveCfg = Release|Any CPU
		{35B7AC3F-67D1-4069-B5DE-D58C9A9577B3}.Release|Any CPU.Build.0 = Release|Any CPU
	EndGlobalSection
	GlobalSection(SolutionProperties) = preSolution
		HideSolutionNode = FALSE
	EndGlobalSection
EndGlobal
